
Microsoft Visual Studio Solution File, Format Version 12.00
# Visual Studio Version 17
VisualStudioVersion = 17.8.34316.72
MinimumVisualStudioVersion = 10.0.40219.1
Project("{9A19103F-16F7-4668-BE54-9A1E7A4F7556}") = "ApiLoteriaNacional", "ApiLoteriaNacional\ApiLoteriaNacional.csproj", "{4FABA14B-3F8D-4BAE-8F3A-3A8791C3C1C3}"
EndProject
Project("{FAE04EC0-301F-11D3-BF4B-00C04F79EFBC}") = "WindowsFormsApp1", "WindowsFormsApp1\WindowsFormsApp1.csproj", "{53816B6A-DA95-4A1E-9135-77D28EAA1847}"
EndProject
Global
	GlobalSection(SolutionConfigurationPlatforms) = preSolution
		Debug|Any CPU = Debug|Any CPU
		Release|Any CPU = Release|Any CPU
	EndGlobalSection
	GlobalSection(ProjectConfigurationPlatforms) = postSolution
		{4FABA14B-3F8D-4BAE-8F3A-3A8791C3C1C3}.Debug|Any CPU.ActiveCfg = Debug|Any CPU
		{4FABA14B-3F8D-4BAE-8F3A-3A8791C3C1C3}.Debug|Any CPU.Build.0 = Debug|Any CPU
		{4FABA14B-3F8D-4BAE-8F3A-3A8791C3C1C3}.Release|Any CPU.ActiveCfg = Release|Any CPU
		{4FABA14B-3F8D-4BAE-8F3A-3A8791C3C1C3}.Release|Any CPU.Build.0 = Release|Any CPU
		{53816B6A-DA95-4A1E-9135-77D28EAA1847}.Debug|Any CPU.ActiveCfg = Debug|Any CPU
		{53816B6A-DA95-4A1E-9135-77D28EAA1847}.Debug|Any CPU.Build.0 = Debug|Any CPU
		{53816B6A-DA95-4A1E-9135-77D28EAA1847}.Release|Any CPU.ActiveCfg = Release|Any CPU
		{53816B6A-DA95-4A1E-9135-77D28EAA1847}.Release|Any CPU.Build.0 = Release|Any CPU
	EndGlobalSection
	GlobalSection(SolutionProperties) = preSolution
		HideSolutionNode = FALSE
	EndGlobalSection
	GlobalSection(ExtensibilityGlobals) = postSolution
		SolutionGuid = {740963FD-AE47-4AEE-9263-09718969E781}
	EndGlobalSection
EndGlobal
